// !$*UTF8*$!
{
	archiveVersion = 1;
	classes = {
	};
	objectVersion = 55;
	objects = {

/* Begin PBXBuildFile section */
		C17F4A5127AF8212009C583E /* AppDelegate.swift in Sources */ = {isa = PBXBuildFile; fileRef = C17F4A5027AF8212009C583E /* AppDelegate.swift */; };
		C17F4A5327AF8212009C583E /* SceneDelegate.swift in Sources */ = {isa = PBXBuildFile; fileRef = C17F4A5227AF8212009C583E /* SceneDelegate.swift */; };
		C17F4A5527AF8212009C583E /* AccountPersonViewController.swift in Sources */ = {isa = PBXBuildFile; fileRef = C17F4A5427AF8212009C583E /* AccountPersonViewController.swift */; };
		C17F4A5827AF8212009C583E /* Main.storyboard in Resources */ = {isa = PBXBuildFile; fileRef = C17F4A5627AF8212009C583E /* Main.storyboard */; };
		C17F4A5A27AF8212009C583E /* Assets.xcassets in Resources */ = {isa = PBXBuildFile; fileRef = C17F4A5927AF8212009C583E /* Assets.xcassets */; };
		C17F4A5D27AF8212009C583E /* LaunchScreen.storyboard in Resources */ = {isa = PBXBuildFile; fileRef = C17F4A5B27AF8212009C583E /* LaunchScreen.storyboard */; };
		C17F4A6927AF851F009C583E /* Person.swift in Sources */ = {isa = PBXBuildFile; fileRef = C17F4A6827AF851F009C583E /* Person.swift */; };
		C17F4A6C27AF8637009C583E /* PersonsListViewController.swift in Sources */ = {isa = PBXBuildFile; fileRef = C17F4A6B27AF8637009C583E /* PersonsListViewController.swift */; };
		C17F4A6E27AF8961009C583E /* DataManager.swift in Sources */ = {isa = PBXBuildFile; fileRef = C17F4A6D27AF8961009C583E /* DataManager.swift */; };
		C17F4A7027AF9790009C583E /* SectionListViewController.swift in Sources */ = {isa = PBXBuildFile; fileRef = C17F4A6F27AF9790009C583E /* SectionListViewController.swift */; };
		C17F4A7227B11D27009C583E /* TabBarViewController.swift in Sources */ = {isa = PBXBuildFile; fileRef = C17F4A7127B11D27009C583E /* TabBarViewController.swift */; };
/* End PBXBuildFile section */

/* Begin PBXFileReference section */
		C17F4A4D27AF8212009C583E /* PersonsListAldoApp.app */ = {isa = PBXFileReference; explicitFileType = wrapper.application; includeInIndex = 0; path = PersonsListAldoApp.app; sourceTree = BUILT_PRODUCTS_DIR; };
		C17F4A5027AF8212009C583E /* AppDelegate.swift */ = {isa = PBXFileReference; lastKnownFileType = sourcecode.swift; path = AppDelegate.swift; sourceTree = "<group>"; };
		C17F4A5227AF8212009C583E /* SceneDelegate.swift */ = {isa = PBXFileReference; lastKnownFileType = sourcecode.swift; path = SceneDelegate.swift; sourceTree = "<group>"; };
		C17F4A5427AF8212009C583E /* AccountPersonViewController.swift */ = {isa = PBXFileReference; lastKnownFileType = sourcecode.swift; path = AccountPersonViewController.swift; sourceTree = "<group>"; };
		C17F4A5727AF8212009C583E /* Base */ = {isa = PBXFileReference; lastKnownFileType = file.storyboard; name = Base; path = Base.lproj/Main.storyboard; sourceTree = "<group>"; };
		C17F4A5927AF8212009C583E /* Assets.xcassets */ = {isa = PBXFileReference; lastKnownFileType = folder.assetcatalog; path = Assets.xcassets; sourceTree = "<group>"; };
		C17F4A5C27AF8212009C583E /* Base */ = {isa = PBXFileReference; lastKnownFileType = file.storyboard; name = Base; path = Base.lproj/LaunchScreen.storyboard; sourceTree = "<group>"; };
		C17F4A5E27AF8212009C583E /* Info.plist */ = {isa = PBXFileReference; lastKnownFileType = text.plist.xml; path = Info.plist; sourceTree = "<group>"; };
		C17F4A6827AF851F009C583E /* Person.swift */ = {isa = PBXFileReference; lastKnownFileType = sourcecode.swift; path = Person.swift; sourceTree = "<group>"; };
		C17F4A6B27AF8637009C583E /* PersonsListViewController.swift */ = {isa = PBXFileReference; lastKnownFileType = sourcecode.swift; path = PersonsListViewController.swift; sourceTree = "<group>"; };
		C17F4A6D27AF8961009C583E /* DataManager.swift */ = {isa = PBXFileReference; lastKnownFileType = sourcecode.swift; path = DataManager.swift; sourceTree = "<group>"; };
		C17F4A6F27AF9790009C583E /* SectionListViewController.swift */ = {isa = PBXFileReference; lastKnownFileType = sourcecode.swift; path = SectionListViewController.swift; sourceTree = "<group>"; };
		C17F4A7127B11D27009C583E /* TabBarViewController.swift */ = {isa = PBXFileReference; lastKnownFileType = sourcecode.swift; name = TabBarViewController.swift; path = PersonsListAldoApp/Storyboards/TabBarViewController.swift; sourceTree = SOURCE_ROOT; };
/* End PBXFileReference section */

/* Begin PBXFrameworksBuildPhase section */
		C17F4A4A27AF8212009C583E /* Frameworks */ = {
			isa = PBXFrameworksBuildPhase;
			buildActionMask = 2147483647;
			files = (
			);
			runOnlyForDeploymentPostprocessing = 0;
		};
/* End PBXFrameworksBuildPhase section */

/* Begin PBXGroup section */
		C17F4A4427AF8212009C583E = {
			isa = PBXGroup;
			children = (
				C17F4A4F27AF8212009C583E /* PersonsListAldoApp */,
				C17F4A4E27AF8212009C583E /* Products */,
			);
			sourceTree = "<group>";
		};
		C17F4A4E27AF8212009C583E /* Products */ = {
			isa = PBXGroup;
			children = (
				C17F4A4D27AF8212009C583E /* PersonsListAldoApp.app */,
			);
			name = Products;
			sourceTree = "<group>";
		};
		C17F4A4F27AF8212009C583E /* PersonsListAldoApp */ = {
			isa = PBXGroup;
			children = (
				C17F4A6427AF82F5009C583E /* View Controllers */,
				C1FEB02B28598B0D00CF083B /* Services */,
				C17F4A6A27AF8525009C583E /* Models */,
				C17F4A6527AF832C009C583E /* Storyboards */,
				C17F4A6627AF834F009C583E /* App */,
				C17F4A6727AF8362009C583E /* Resourses */,
			);
			path = PersonsListAldoApp;
			sourceTree = "<group>";
		};
		C17F4A6427AF82F5009C583E /* View Controllers */ = {
			isa = PBXGroup;
			children = (
				C17F4A7127B11D27009C583E /* TabBarViewController.swift */,
				C17F4A6B27AF8637009C583E /* PersonsListViewController.swift */,
				C17F4A6F27AF9790009C583E /* SectionListViewController.swift */,
				C17F4A5427AF8212009C583E /* AccountPersonViewController.swift */,
			);
			path = "View Controllers";
			sourceTree = "<group>";
		};
		C17F4A6527AF832C009C583E /* Storyboards */ = {
			isa = PBXGroup;
			children = (
				C17F4A5627AF8212009C583E /* Main.storyboard */,
				C17F4A5B27AF8212009C583E /* LaunchScreen.storyboard */,
			);
			path = Storyboards;
			sourceTree = "<group>";
		};
		C17F4A6627AF834F009C583E /* App */ = {
			isa = PBXGroup;
			children = (
				C17F4A5027AF8212009C583E /* AppDelegate.swift */,
				C17F4A5227AF8212009C583E /* SceneDelegate.swift */,
				C17F4A5E27AF8212009C583E /* Info.plist */,
			);
			path = App;
			sourceTree = "<group>";
		};
		C17F4A6727AF8362009C583E /* Resourses */ = {
			isa = PBXGroup;
			children = (
				C17F4A5927AF8212009C583E /* Assets.xcassets */,
			);
			path = Resourses;
			sourceTree = "<group>";
		};
		C17F4A6A27AF8525009C583E /* Models */ = {
			isa = PBXGroup;
			children = (
				C17F4A6827AF851F009C583E /* Person.swift */,
			);
			path = Models;
			sourceTree = "<group>";
		};
		C1FEB02B28598B0D00CF083B /* Services */ = {
			isa = PBXGroup;
			children = (
				C17F4A6D27AF8961009C583E /* DataManager.swift */,
			);
			path = Services;
			sourceTree = "<group>";
		};
/* End PBXGroup section */

/* Begin PBXNativeTarget section */
		C17F4A4C27AF8212009C583E /* PersonsListAldoApp */ = {
			isa = PBXNativeTarget;
			buildConfigurationList = C17F4A6127AF8212009C583E /* Build configuration list for PBXNativeTarget "PersonsListAldoApp" */;
			buildPhases = (
				C17F4A4927AF8212009C583E /* Sources */,
				C17F4A4A27AF8212009C583E /* Frameworks */,
				C17F4A4B27AF8212009C583E /* Resources */,
			);
			buildRules = (
			);
			dependencies = (
			);
			name = PersonsListAldoApp;
			productName = PersonsListAldoApp;
			productReference = C17F4A4D27AF8212009C583E /* PersonsListAldoApp.app */;
			productType = "com.apple.product-type.application";
		};
/* End PBXNativeTarget section */

/* Begin PBXProject section */
		C17F4A4527AF8212009C583E /* Project object */ = {
			isa = PBXProject;
			attributes = {
				BuildIndependentTargetsInParallel = 1;
				LastSwiftUpdateCheck = 1320;
				LastUpgradeCheck = 1320;
				TargetAttributes = {
					C17F4A4C27AF8212009C583E = {
						CreatedOnToolsVersion = 13.2.1;
					};
				};
			};
			buildConfigurationList = C17F4A4827AF8212009C583E /* Build configuration list for PBXProject "PersonsListAldoApp" */;
			compatibilityVersion = "Xcode 13.0";
			developmentRegion = en;
			hasScannedForEncodings = 0;
			knownRegions = (
				en,
				Base,
			);
			mainGroup = C17F4A4427AF8212009C583E;
			productRefGroup = C17F4A4E27AF8212009C583E /* Products */;
			projectDirPath = "";
			projectRoot = "";
			targets = (
				C17F4A4C27AF8212009C583E /* PersonsListAldoApp */,
			);
		};
/* End PBXProject section */

/* Begin PBXResourcesBuildPhase section */
		C17F4A4B27AF8212009C583E /* Resources */ = {
			isa = PBXResourcesBuildPhase;
			buildActionMask = 2147483647;
			files = (
				C17F4A5D27AF8212009C583E /* LaunchScreen.storyboard in Resources */,
				C17F4A5A27AF8212009C583E /* Assets.xcassets in Resources */,
				C17F4A5827AF8212009C583E /* Main.storyboard in Resources */,
			);
			runOnlyForDeploymentPostprocessing = 0;
		};
/* End PBXResourcesBuildPhase section */

/* Begin PBXSourcesBuildPhase section */
		C17F4A4927AF8212009C583E /* Sources */ = {
			isa = PBXSourcesBuildPhase;
			buildActionMask = 2147483647;
			files = (
				C17F4A7227B11D27009C583E /* TabBarViewController.swift in Sources */,
				C17F4A5527AF8212009C583E /* AccountPersonViewController.swift in Sources */,
				C17F4A7027AF9790009C583E /* SectionListViewController.swift in Sources */,
				C17F4A6E27AF8961009C583E /* DataManager.swift in Sources */,
				C17F4A6C27AF8637009C583E /* PersonsListViewController.swift in Sources */,
				C17F4A5127AF8212009C583E /* AppDelegate.swift in Sources */,
				C17F4A6927AF851F009C583E /* Person.swift in Sources */,
				C17F4A5327AF8212009C583E /* SceneDelegate.swift in Sources */,
			);
			runOnlyForDeploymentPostprocessing = 0;
		};
/* End PBXSourcesBuildPhase section */

/* Begin PBXVariantGroup section */
		C17F4A5627AF8212009C583E /* Main.storyboard */ = {
			isa = PBXVariantGroup;
			children = (
				C17F4A5727AF8212009C583E /* Base */,
			);
			name = Main.storyboard;
			sourceTree = "<group>";
		};
		C17F4A5B27AF8212009C583E /* LaunchScreen.storyboard */ = {
			isa = PBXVariantGroup;
			children = (
				C17F4A5C27AF8212009C583E /* Base */,
			);
			name = LaunchScreen.storyboard;
			sourceTree = "<group>";
		};
/* End PBXVariantGroup section */

/* Begin XCBuildConfiguration section */
		C17F4A5F27AF8212009C583E /* Debug */ = {
			isa = XCBuildConfiguration;
			buildSettings = {
				ALWAYS_SEARCH_USER_PATHS = NO;
				CLANG_ANALYZER_NONNULL = YES;
				CLANG_ANALYZER_NUMBER_OBJECT_CONVERSION = YES_AGGRESSIVE;
				CLANG_CXX_LANGUAGE_STANDARD = "gnu++17";
				CLANG_CXX_LIBRARY = "libc++";
				CLANG_ENABLE_MODULES = YES;
				CLANG_ENABLE_OBJC_ARC = YES;
				CLANG_ENABLE_OBJC_WEAK = YES;
				CLANG_WARN_BLOCK_CAPTURE_AUTORELEASING = YES;
				CLANG_WARN_BOOL_CONVERSION = YES;
				CLANG_WARN_COMMA = YES;
				CLANG_WARN_CONSTANT_CONVERSION = YES;
				CLANG_WARN_DEPRECATED_OBJC_IMPLEMENTATIONS = YES;
				CLANG_WARN_DIRECT_OBJC_ISA_USAGE = YES_ERROR;
				CLANG_WARN_DOCUMENTATION_COMMENTS = YES;
				CLANG_WARN_EMPTY_BODY = YES;
				CLANG_WARN_ENUM_CONVERSION = YES;
				CLANG_WARN_INFINITE_RECURSION = YES;
				CLANG_WARN_INT_CONVERSION = YES;
				CLANG_WARN_NON_LITERAL_NULL_CONVERSION = YES;
				CLANG_WARN_OBJC_IMPLICIT_RETAIN_SELF = YES;
				CLANG_WARN_OBJC_LITERAL_CONVERSION = YES;
				CLANG_WARN_OBJC_ROOT_CLASS = YES_ERROR;
				CLANG_WARN_QUOTED_INCLUDE_IN_FRAMEWORK_HEADER = YES;
				CLANG_WARN_RANGE_LOOP_ANALYSIS = YES;
				CLANG_WARN_STRICT_PROTOTYPES = YES;
				CLANG_WARN_SUSPICIOUS_MOVE = YES;
				CLANG_WARN_UNGUARDED_AVAILABILITY = YES_AGGRESSIVE;
				CLANG_WARN_UNREACHABLE_CODE = YES;
				CLANG_WARN__DUPLICATE_METHOD_MATCH = YES;
				COPY_PHASE_STRIP = NO;
				DEBUG_INFORMATION_FORMAT = dwarf;
				ENABLE_STRICT_OBJC_MSGSEND = YES;
				ENABLE_TESTABILITY = YES;
				GCC_C_LANGUAGE_STANDARD = gnu11;
				GCC_DYNAMIC_NO_PIC = NO;
				GCC_NO_COMMON_BLOCKS = YES;
				GCC_OPTIMIZATION_LEVEL = 0;
				GCC_PREPROCESSOR_DEFINITIONS = (
					"DEBUG=1",
					"$(inherited)",
				);
				GCC_WARN_64_TO_32_BIT_CONVERSION = YES;
				GCC_WARN_ABOUT_RETURN_TYPE = YES_ERROR;
				GCC_WARN_UNDECLARED_SELECTOR = YES;
				GCC_WARN_UNINITIALIZED_AUTOS = YES_AGGRESSIVE;
				GCC_WARN_UNUSED_FUNCTION = YES;
				GCC_WARN_UNUSED_VARIABLE = YES;
				IPHONEOS_DEPLOYMENT_TARGET = 15.2;
				MTL_ENABLE_DEBUG_INFO = INCLUDE_SOURCE;
				MTL_FAST_MATH = YES;
				ONLY_ACTIVE_ARCH = YES;
				SDKROOT = iphoneos;
				SWIFT_ACTIVE_COMPILATION_CONDITIONS = DEBUG;
				SWIFT_OPTIMIZATION_LEVEL = "-Onone";
			};
			name = Debug;
		};
		C17F4A6027AF8212009C583E /* Release */ = {
			isa = XCBuildConfiguration;
			buildSettings = {
				ALWAYS_SEARCH_USER_PATHS = NO;
				CLANG_ANALYZER_NONNULL = YES;
				CLANG_ANALYZER_NUMBER_OBJECT_CONVERSION = YES_AGGRESSIVE;
				CLANG_CXX_LANGUAGE_STANDARD = "gnu++17";
				CLANG_CXX_LIBRARY = "libc++";
				CLANG_ENABLE_MODULES = YES;
				CLANG_ENABLE_OBJC_ARC = YES;
				CLANG_ENABLE_OBJC_WEAK = YES;
				CLANG_WARN_BLOCK_CAPTURE_AUTORELEASING = YES;
				CLANG_WARN_BOOL_CONVERSION = YES;
				CLANG_WARN_COMMA = YES;
				CLANG_WARN_CONSTANT_CONVERSION = YES;
				CLANG_WARN_DEPRECATED_OBJC_IMPLEMENTATIONS = YES;
				CLANG_WARN_DIRECT_OBJC_ISA_USAGE = YES_ERROR;
				CLANG_WARN_DOCUMENTATION_COMMENTS = YES;
				CLANG_WARN_EMPTY_BODY = YES;
				CLANG_WARN_ENUM_CONVERSION = YES;
				CLANG_WARN_INFINITE_RECURSION = YES;
				CLANG_WARN_INT_CONVERSION = YES;
				CLANG_WARN_NON_LITERAL_NULL_CONVERSION = YES;
				CLANG_WARN_OBJC_IMPLICIT_RETAIN_SELF = YES;
				CLANG_WARN_OBJC_LITERAL_CONVERSION = YES;
				CLANG_WARN_OBJC_ROOT_CLASS = YES_ERROR;
				CLANG_WARN_QUOTED_INCLUDE_IN_FRAMEWORK_HEADER = YES;
				CLANG_WARN_RANGE_LOOP_ANALYSIS = YES;
				CLANG_WARN_STRICT_PROTOTYPES = YES;
				CLANG_WARN_SUSPICIOUS_MOVE = YES;
				CLANG_WARN_UNGUARDED_AVAILABILITY = YES_AGGRESSIVE;
				CLANG_WARN_UNREACHABLE_CODE = YES;
				CLANG_WARN__DUPLICATE_METHOD_MATCH = YES;
				COPY_PHASE_STRIP = NO;
				DEBUG_INFORMATION_FORMAT = "dwarf-with-dsym";
				ENABLE_NS_ASSERTIONS = NO;
				ENABLE_STRICT_OBJC_MSGSEND = YES;
				GCC_C_LANGUAGE_STANDARD = gnu11;
				GCC_NO_COMMON_BLOCKS = YES;
				GCC_WARN_64_TO_32_BIT_CONVERSION = YES;
				GCC_WARN_ABOUT_RETURN_TYPE = YES_ERROR;
				GCC_WARN_UNDECLARED_SELECTOR = YES;
				GCC_WARN_UNINITIALIZED_AUTOS = YES_AGGRESSIVE;
				GCC_WARN_UNUSED_FUNCTION = YES;
				GCC_WARN_UNUSED_VARIABLE = YES;
				IPHONEOS_DEPLOYMENT_TARGET = 15.2;
				MTL_ENABLE_DEBUG_INFO = NO;
				MTL_FAST_MATH = YES;
				SDKROOT = iphoneos;
				SWIFT_COMPILATION_MODE = wholemodule;
				SWIFT_OPTIMIZATION_LEVEL = "-O";
				VALIDATE_PRODUCT = YES;
			};
			name = Release;
		};
		C17F4A6227AF8212009C583E /* Debug */ = {
			isa = XCBuildConfiguration;
			buildSettings = {
				ASSETCATALOG_COMPILER_APPICON_NAME = AppIcon;
				ASSETCATALOG_COMPILER_GLOBAL_ACCENT_COLOR_NAME = AccentColor;
				CODE_SIGN_STYLE = Automatic;
				CURRENT_PROJECT_VERSION = 1;
				DEVELOPMENT_TEAM = GJ8322288B;
				GENERATE_INFOPLIST_FILE = YES;
				INFOPLIST_FILE = PersonsListAldoApp/App/Info.plist;
				INFOPLIST_KEY_UIApplicationSupportsIndirectInputEvents = YES;
				INFOPLIST_KEY_UILaunchStoryboardName = LaunchScreen;
				INFOPLIST_KEY_UIMainStoryboardFile = Main;
				INFOPLIST_KEY_UISupportedInterfaceOrientations_iPad = "UIInterfaceOrientationPortrait UIInterfaceOrientationPortraitUpsideDown UIInterfaceOrientationLandscapeLeft UIInterfaceOrientationLandscapeRight";
				INFOPLIST_KEY_UISupportedInterfaceOrientations_iPhone = "UIInterfaceOrientationPortrait UIInterfaceOrientationLandscapeLeft UIInterfaceOrientationLandscapeRight";
				LD_RUNPATH_SEARCH_PATHS = (
					"$(inherited)",
					"@executable_path/Frameworks",
				);
				MARKETING_VERSION = 1.0;
				PRODUCT_BUNDLE_IDENTIFIER = ru.swiftbook.PersonsListAldoApp;
				PRODUCT_NAME = "$(TARGET_NAME)";
				SWIFT_EMIT_LOC_STRINGS = YES;
				SWIFT_VERSION = 5.0;
				TARGETED_DEVICE_FAMILY = "1,2";
			};
			name = Debug;
		};
		C17F4A6327AF8212009C583E /* Release */ = {
			isa = XCBuildConfiguration;
			buildSettings = {
				ASSETCATALOG_COMPILER_APPICON_NAME = AppIcon;
				ASSETCATALOG_COMPILER_GLOBAL_ACCENT_COLOR_NAME = AccentColor;
				CODE_SIGN_STYLE = Automatic;
				CURRENT_PROJECT_VERSION = 1;
				DEVELOPMENT_TEAM = GJ8322288B;
				GENERATE_INFOPLIST_FILE = YES;
				INFOPLIST_FILE = PersonsListAldoApp/App/Info.plist;
				INFOPLIST_KEY_UIApplicationSupportsIndirectInputEvents = YES;
				INFOPLIST_KEY_UILaunchStoryboardName = LaunchScreen;
				INFOPLIST_KEY_UIMainStoryboardFile = Main;
				INFOPLIST_KEY_UISupportedInterfaceOrientations_iPad = "UIInterfaceOrientationPortrait UIInterfaceOrientationPortraitUpsideDown UIInterfaceOrientationLandscapeLeft UIInterfaceOrientationLandscapeRight";
				INFOPLIST_KEY_UISupportedInterfaceOrientations_iPhone = "UIInterfaceOrientationPortrait UIInterfaceOrientationLandscapeLeft UIInterfaceOrientationLandscapeRight";
				LD_RUNPATH_SEARCH_PATHS = (
					"$(inherited)",
					"@executable_path/Frameworks",
				);
				MARKETING_VERSION = 1.0;
				PRODUCT_BUNDLE_IDENTIFIER = ru.swiftbook.PersonsListAldoApp;
				PRODUCT_NAME = "$(TARGET_NAME)";
				SWIFT_EMIT_LOC_STRINGS = YES;
				SWIFT_VERSION = 5.0;
				TARGETED_DEVICE_FAMILY = "1,2";
			};
			name = Release;
		};
/* End XCBuildConfiguration section */

/* Begin XCConfigurationList section */
		C17F4A4827AF8212009C583E /* Build configuration list for PBXProject "PersonsListAldoApp" */ = {
			isa = XCConfigurationList;
			buildConfigurations = (
				C17F4A5F27AF8212009C583E /* Debug */,
				C17F4A6027AF8212009C583E /* Release */,
			);
			defaultConfigurationIsVisible = 0;
			defaultConfigurationName = Release;
		};
		C17F4A6127AF8212009C583E /* Build configuration list for PBXNativeTarget "PersonsListAldoApp" */ = {
			isa = XCConfigurationList;
			buildConfigurations = (
				C17F4A6227AF8212009C583E /* Debug */,
				C17F4A6327AF8212009C583E /* Release */,
			);
			defaultConfigurationIsVisible = 0;
			defaultConfigurationName = Release;
		};
/* End XCConfigurationList section */
	};
	rootObject = C17F4A4527AF8212009C583E /* Project object */;
}
